
Microsoft Visual Studio Solution File, Format Version 12.00
# Visual Studio 15
VisualStudioVersion = 15.0.27703.2035
MinimumVisualStudioVersion = 10.0.40219.1
Project("{FAE04EC0-301F-11D3-BF4B-00C04F79EFBC}") = "PryRepositorio", "PryRepositorio\PryRepositorio.csproj", "{E44BE701-CA30-4018-8A9D-384C7657F8A1}"
EndProject
Global
	GlobalSection(SolutionConfigurationPlatforms) = preSolution
		Debug|Any CPU = Debug|Any CPU
		Release|Any CPU = Release|Any CPU
	EndGlobalSection
	GlobalSection(ProjectConfigurationPlatforms) = postSolution
		{E44BE701-CA30-4018-8A9D-384C7657F8A1}.Debug|Any CPU.ActiveCfg = Debug|Any CPU
		{E44BE701-CA30-4018-8A9D-384C7657F8A1}.Debug|Any CPU.Build.0 = Debug|Any CPU
		{E44BE701-CA30-4018-8A9D-384C7657F8A1}.Release|Any CPU.ActiveCfg = Release|Any CPU
		{E44BE701-CA30-4018-8A9D-384C7657F8A1}.Release|Any CPU.Build.0 = Release|Any CPU
	EndGlobalSection
	GlobalSection(SolutionProperties) = preSolution
		HideSolutionNode = FALSE
	EndGlobalSection
	GlobalSection(ExtensibilityGlobals) = postSolution
		SolutionGuid = {F26605C4-7A00-4DC8-AC02-28CE234B4E53}
	EndGlobalSection
EndGlobal
